<?xml version="1.0" encoding="UTF-8"?>
<!DOCTYPE plist PUBLIC "-//Apple//DTD PLIST 1.0//EN" "http://www.apple.com/DTDs/PropertyList-1.0.dtd">
<plist version="1.0">
<dict>
	<key>archiveVersion</key>
	<string>1</string>
	<key>classes</key>
	<dict/>
	<key>objectVersion</key>
	<string>46</string>
	<key>objects</key>
	<dict>
		<key>6A3ECE4C19549CD6000D018F</key>
		<dict>
			<key>fileEncoding</key>
			<string>4</string>
			<key>isa</key>
			<string>PBXFileReference</string>
			<key>lastKnownFileType</key>
			<string>sourcecode.c.h</string>
			<key>path</key>
			<string>AddViewController.h</string>
			<key>sourceTree</key>
			<string>&lt;group&gt;</string>
		</dict>
		<key>6A3ECE4D19549CD6000D018F</key>
		<dict>
			<key>fileEncoding</key>
			<string>4</string>
			<key>isa</key>
			<string>PBXFileReference</string>
			<key>lastKnownFileType</key>
			<string>sourcecode.c.objc</string>
			<key>path</key>
			<string>AddViewController.m</string>
			<key>sourceTree</key>
			<string>&lt;group&gt;</string>
		</dict>
		<key>6A3ECE4E19549CD6000D018F</key>
		<dict>
			<key>fileEncoding</key>
			<string>4</string>
			<key>isa</key>
			<string>PBXFileReference</string>
			<key>lastKnownFileType</key>
			<string>file.xib</string>
			<key>path</key>
			<string>AddViewController.xib</string>
			<key>sourceTree</key>
			<string>&lt;group&gt;</string>
		</dict>
		<key>6A3ECE4F19549CD6000D018F</key>
		<dict>
			<key>fileRef</key>
			<string>6A3ECE4D19549CD6000D018F</string>
			<key>isa</key>
			<string>PBXBuildFile</string>
		</dict>
		<key>6A3ECE5019549CD6000D018F</key>
		<dict>
			<key>fileRef</key>
			<string>6A3ECE4E19549CD6000D018F</string>
			<key>isa</key>
			<string>PBXBuildFile</string>
		</dict>
		<key>6A3ECE5119549CE7000D018F</key>
		<dict>
			<key>fileEncoding</key>
			<string>4</string>
			<key>isa</key>
			<string>PBXFileReference</string>
			<key>lastKnownFileType</key>
			<string>sourcecode.c.h</string>
			<key>path</key>
			<string>MessageViewController.h</string>
			<key>sourceTree</key>
			<string>&lt;group&gt;</string>
		</dict>
		<key>6A3ECE5219549CE7000D018F</key>
		<dict>
			<key>fileEncoding</key>
			<string>4</string>
			<key>isa</key>
			<string>PBXFileReference</string>
			<key>lastKnownFileType</key>
			<string>sourcecode.c.objc</string>
			<key>path</key>
			<string>MessageViewController.m</string>
			<key>sourceTree</key>
			<string>&lt;group&gt;</string>
		</dict>
		<key>6A3ECE5319549CE7000D018F</key>
		<dict>
			<key>fileEncoding</key>
			<string>4</string>
			<key>isa</key>
			<string>PBXFileReference</string>
			<key>lastKnownFileType</key>
			<string>file.xib</string>
			<key>path</key>
			<string>MessageViewController.xib</string>
			<key>sourceTree</key>
			<string>&lt;group&gt;</string>
		</dict>
		<key>6A3ECE5419549CE7000D018F</key>
		<dict>
			<key>fileRef</key>
			<string>6A3ECE5219549CE7000D018F</string>
			<key>isa</key>
			<string>PBXBuildFile</string>
		</dict>
		<key>6A3ECE5519549CE7000D018F</key>
		<dict>
			<key>fileRef</key>
			<string>6A3ECE5319549CE7000D018F</string>
			<key>isa</key>
			<string>PBXBuildFile</string>
		</dict>
		<key>6A3ECE5619549CEF000D018F</key>
		<dict>
			<key>fileEncoding</key>
			<string>4</string>
			<key>isa</key>
			<string>PBXFileReference</string>
			<key>lastKnownFileType</key>
			<string>sourcecode.c.h</string>
			<key>path</key>
			<string>MeViewController.h</string>
			<key>sourceTree</key>
			<string>&lt;group&gt;</string>
		</dict>
		<key>6A3ECE5719549CEF000D018F</key>
		<dict>
			<key>fileEncoding</key>
			<string>4</string>
			<key>isa</key>
			<string>PBXFileReference</string>
			<key>lastKnownFileType</key>
			<string>sourcecode.c.objc</string>
			<key>path</key>
			<string>MeViewController.m</string>
			<key>sourceTree</key>
			<string>&lt;group&gt;</string>
		</dict>
		<key>6A3ECE5819549CEF000D018F</key>
		<dict>
			<key>fileEncoding</key>
			<string>4</string>
			<key>isa</key>
			<string>PBXFileReference</string>
			<key>lastKnownFileType</key>
			<string>file.xib</string>
			<key>path</key>
			<string>MeViewController.xib</string>
			<key>sourceTree</key>
			<string>&lt;group&gt;</string>
		</dict>
		<key>6A3ECE5919549CEF000D018F</key>
		<dict>
			<key>fileRef</key>
			<string>6A3ECE5719549CEF000D018F</string>
			<key>isa</key>
			<string>PBXBuildFile</string>
		</dict>
		<key>6A3ECE5A19549CEF000D018F</key>
		<dict>
			<key>fileRef</key>
			<string>6A3ECE5819549CEF000D018F</string>
			<key>isa</key>
			<string>PBXBuildFile</string>
		</dict>
		<key>6A3ECE6019553399000D018F</key>
		<dict>
			<key>fileEncoding</key>
			<string>4</string>
			<key>isa</key>
			<string>PBXFileReference</string>
			<key>lastKnownFileType</key>
			<string>sourcecode.c.h</string>
			<key>path</key>
			<string>PlayerViewController.h</string>
			<key>sourceTree</key>
			<string>&lt;group&gt;</string>
		</dict>
		<key>6A3ECE6119553399000D018F</key>
		<dict>
			<key>fileEncoding</key>
			<string>4</string>
			<key>isa</key>
			<string>PBXFileReference</string>
			<key>lastKnownFileType</key>
			<string>sourcecode.c.objc</string>
			<key>path</key>
			<string>PlayerViewController.m</string>
			<key>sourceTree</key>
			<string>&lt;group&gt;</string>
		</dict>
		<key>6A3ECE6219553399000D018F</key>
		<dict>
			<key>fileEncoding</key>
			<string>4</string>
			<key>isa</key>
			<string>PBXFileReference</string>
			<key>lastKnownFileType</key>
			<string>file.xib</string>
			<key>path</key>
			<string>PlayerViewController.xib</string>
			<key>sourceTree</key>
			<string>&lt;group&gt;</string>
		</dict>
		<key>6A3ECE6319553399000D018F</key>
		<dict>
			<key>fileRef</key>
			<string>6A3ECE6119553399000D018F</string>
			<key>isa</key>
			<string>PBXBuildFile</string>
		</dict>
		<key>6A3ECE6419553399000D018F</key>
		<dict>
			<key>fileRef</key>
			<string>6A3ECE6219553399000D018F</string>
			<key>isa</key>
			<string>PBXBuildFile</string>
		</dict>
		<key>6AC8EBE41953B73400E367D7</key>
		<dict>
			<key>children</key>
			<array>
				<string>6AC8EC221953B78100E367D7</string>
				<string>6AC8EBF61953B73400E367D7</string>
				<string>6AC8EC0F1953B73400E367D7</string>
				<string>6AC8EBEF1953B73400E367D7</string>
				<string>6AC8EBEE1953B73400E367D7</string>
				<string>7D29DEB3E00A40E8B465EDC6</string>
			</array>
			<key>isa</key>
			<string>PBXGroup</string>
			<key>sourceTree</key>
			<string>&lt;group&gt;</string>
		</dict>
		<key>6AC8EBE51953B73400E367D7</key>
		<dict>
			<key>attributes</key>
			<dict>
				<key>LastUpgradeCheck</key>
				<string>0510</string>
				<key>ORGANIZATIONNAME</key>
				<string>google</string>
				<key>TargetAttributes</key>
				<dict>
					<key>6AC8EC071953B73400E367D7</key>
					<dict>
						<key>TestTargetID</key>
						<string>6AC8EBEC1953B73400E367D7</string>
					</dict>
				</dict>
			</dict>
			<key>buildConfigurationList</key>
			<string>6AC8EBE81953B73400E367D7</string>
			<key>compatibilityVersion</key>
			<string>Xcode 3.2</string>
			<key>developmentRegion</key>
			<string>English</string>
			<key>hasScannedForEncodings</key>
			<string>0</string>
			<key>isa</key>
			<string>PBXProject</string>
			<key>knownRegions</key>
			<array>
				<string>en</string>
			</array>
			<key>mainGroup</key>
			<string>6AC8EBE41953B73400E367D7</string>
			<key>productRefGroup</key>
			<string>6AC8EBEE1953B73400E367D7</string>
			<key>projectDirPath</key>
			<string></string>
			<key>projectReferences</key>
			<array/>
			<key>projectRoot</key>
			<string></string>
			<key>targets</key>
			<array>
				<string>6AC8EBEC1953B73400E367D7</string>
				<string>6AC8EC071953B73400E367D7</string>
			</array>
		</dict>
		<key>6AC8EBE81953B73400E367D7</key>
		<dict>
			<key>buildConfigurations</key>
			<array>
				<string>6AC8EC171953B73400E367D7</string>
				<string>6AC8EC181953B73400E367D7</string>
			</array>
			<key>defaultConfigurationIsVisible</key>
			<string>0</string>
			<key>defaultConfigurationName</key>
			<string>Release</string>
			<key>isa</key>
			<string>XCConfigurationList</string>
		</dict>
		<key>6AC8EBE91953B73400E367D7</key>
		<dict>
			<key>buildActionMask</key>
			<string>2147483647</string>
			<key>files</key>
			<array>
				<string>6A3ECE5419549CE7000D018F</string>
				<string>6A3ECE4F19549CD6000D018F</string>
				<string>6A3ECE5919549CEF000D018F</string>
				<string>6AC8EC011953B73400E367D7</string>
				<string>6AC8EC261953B7A400E367D7</string>
				<string>6A3ECE6319553399000D018F</string>
				<string>6AC8EC2B1953B8E700E367D7</string>
				<string>6AC8EBFD1953B73400E367D7</string>
			</array>
			<key>isa</key>
			<string>PBXSourcesBuildPhase</string>
			<key>runOnlyForDeploymentPostprocessing</key>
			<string>0</string>
		</dict>
		<key>6AC8EBEA1953B73400E367D7</key>
		<dict>
			<key>buildActionMask</key>
			<string>2147483647</string>
			<key>files</key>
			<array>
				<string>6AC8EBF31953B73400E367D7</string>
				<string>6AC8EBF51953B73400E367D7</string>
				<string>6AC8EBF11953B73400E367D7</string>
				<string>EB5EDB30B2C342DCADD9158A</string>
			</array>
			<key>isa</key>
			<string>PBXFrameworksBuildPhase</string>
			<key>runOnlyForDeploymentPostprocessing</key>
			<string>0</string>
		</dict>
		<key>6AC8EBEB1953B73400E367D7</key>
		<dict>
			<key>buildActionMask</key>
			<string>2147483647</string>
			<key>files</key>
			<array>
				<string>6AC8EBFB1953B73400E367D7</string>
				<string>6AC8EC271953B7A400E367D7</string>
				<string>6A3ECE5519549CE7000D018F</string>
				<string>6A3ECE5019549CD6000D018F</string>
				<string>6AC8EC2C1953B8E700E367D7</string>
				<string>6A3ECE6419553399000D018F</string>
				<string>6AC8EC031953B73400E367D7</string>
				<string>6A3ECE5A19549CEF000D018F</string>
			</array>
			<key>isa</key>
			<string>PBXResourcesBuildPhase</string>
			<key>runOnlyForDeploymentPostprocessing</key>
			<string>0</string>
		</dict>
		<key>6AC8EBEC1953B73400E367D7</key>
		<dict>
			<key>buildConfigurationList</key>
			<string>6AC8EC191953B73400E367D7</string>
			<key>buildPhases</key>
			<array>
				<string>7C409232648440BF91D4B50D</string>
				<string>6AC8EBE91953B73400E367D7</string>
				<string>6AC8EBEA1953B73400E367D7</string>
				<string>6AC8EBEB1953B73400E367D7</string>
				<string>FE371A02AA474085A31FCCC6</string>
			</array>
			<key>buildRules</key>
			<array/>
			<key>dependencies</key>
			<array/>
			<key>isa</key>
			<string>PBXNativeTarget</string>
			<key>name</key>
			<string>pintube</string>
			<key>productName</key>
			<string>pintube</string>
			<key>productReference</key>
			<string>6AC8EBED1953B73400E367D7</string>
			<key>productType</key>
			<string>com.apple.product-type.application</string>
		</dict>
		<key>6AC8EBED1953B73400E367D7</key>
		<dict>
			<key>explicitFileType</key>
			<string>wrapper.application</string>
			<key>includeInIndex</key>
			<string>0</string>
			<key>isa</key>
			<string>PBXFileReference</string>
			<key>path</key>
			<string>pintube.app</string>
			<key>sourceTree</key>
			<string>BUILT_PRODUCTS_DIR</string>
		</dict>
		<key>6AC8EBEE1953B73400E367D7</key>
		<dict>
			<key>children</key>
			<array>
				<string>6AC8EBED1953B73400E367D7</string>
				<string>6AC8EC081953B73400E367D7</string>
			</array>
			<key>isa</key>
			<string>PBXGroup</string>
			<key>name</key>
			<string>Products</string>
			<key>sourceTree</key>
			<string>&lt;group&gt;</string>
		</dict>
		<key>6AC8EBEF1953B73400E367D7</key>
		<dict>
			<key>children</key>
			<array>
				<string>6AC8EBF01953B73400E367D7</string>
				<string>6AC8EBF21953B73400E367D7</string>
				<string>6AC8EBF41953B73400E367D7</string>
				<string>6AC8EC091953B73400E367D7</string>
				<string>8CF4C9FDA2D34EBF973BAF6B</string>
			</array>
			<key>isa</key>
			<string>PBXGroup</string>
			<key>name</key>
			<string>Frameworks</string>
			<key>sourceTree</key>
			<string>&lt;group&gt;</string>
		</dict>
		<key>6AC8EBF01953B73400E367D7</key>
		<dict>
			<key>isa</key>
			<string>PBXFileReference</string>
			<key>lastKnownFileType</key>
			<string>wrapper.framework</string>
			<key>name</key>
			<string>Foundation.framework</string>
			<key>path</key>
			<string>System/Library/Frameworks/Foundation.framework</string>
			<key>sourceTree</key>
			<string>SDKROOT</string>
		</dict>
		<key>6AC8EBF11953B73400E367D7</key>
		<dict>
			<key>fileRef</key>
			<string>6AC8EBF01953B73400E367D7</string>
			<key>isa</key>
			<string>PBXBuildFile</string>
		</dict>
		<key>6AC8EBF21953B73400E367D7</key>
		<dict>
			<key>isa</key>
			<string>PBXFileReference</string>
			<key>lastKnownFileType</key>
			<string>wrapper.framework</string>
			<key>name</key>
			<string>CoreGraphics.framework</string>
			<key>path</key>
			<string>System/Library/Frameworks/CoreGraphics.framework</string>
			<key>sourceTree</key>
			<string>SDKROOT</string>
		</dict>
		<key>6AC8EBF31953B73400E367D7</key>
		<dict>
			<key>fileRef</key>
			<string>6AC8EBF21953B73400E367D7</string>
			<key>isa</key>
			<string>PBXBuildFile</string>
		</dict>
		<key>6AC8EBF41953B73400E367D7</key>
		<dict>
			<key>isa</key>
			<string>PBXFileReference</string>
			<key>lastKnownFileType</key>
			<string>wrapper.framework</string>
			<key>name</key>
			<string>UIKit.framework</string>
			<key>path</key>
			<string>System/Library/Frameworks/UIKit.framework</string>
			<key>sourceTree</key>
			<string>SDKROOT</string>
		</dict>
		<key>6AC8EBF51953B73400E367D7</key>
		<dict>
			<key>fileRef</key>
			<string>6AC8EBF41953B73400E367D7</string>
			<key>isa</key>
			<string>PBXBuildFile</string>
		</dict>
		<key>6AC8EBF61953B73400E367D7</key>
		<dict>
			<key>children</key>
			<array>
				<string>6AC8EBFF1953B73400E367D7</string>
				<string>6AC8EC001953B73400E367D7</string>
				<string>6AC8EC021953B73400E367D7</string>
				<string>6AC8EBF71953B73400E367D7</string>
			</array>
			<key>isa</key>
			<string>PBXGroup</string>
			<key>path</key>
			<string>pintube</string>
			<key>sourceTree</key>
			<string>&lt;group&gt;</string>
		</dict>
		<key>6AC8EBF71953B73400E367D7</key>
		<dict>
			<key>children</key>
			<array>
				<string>6AC8EBF81953B73400E367D7</string>
				<string>6AC8EBF91953B73400E367D7</string>
				<string>6AC8EBFC1953B73400E367D7</string>
				<string>6AC8EBFE1953B73400E367D7</string>
			</array>
			<key>isa</key>
			<string>PBXGroup</string>
			<key>name</key>
			<string>Supporting Files</string>
			<key>sourceTree</key>
			<string>&lt;group&gt;</string>
		</dict>
		<key>6AC8EBF81953B73400E367D7</key>
		<dict>
			<key>isa</key>
			<string>PBXFileReference</string>
			<key>lastKnownFileType</key>
			<string>text.plist.xml</string>
			<key>path</key>
			<string>pintube-Info.plist</string>
			<key>sourceTree</key>
			<string>&lt;group&gt;</string>
		</dict>
		<key>6AC8EBF91953B73400E367D7</key>
		<dict>
			<key>children</key>
			<array>
				<string>6AC8EBFA1953B73400E367D7</string>
			</array>
			<key>isa</key>
			<string>PBXVariantGroup</string>
			<key>name</key>
			<string>InfoPlist.strings</string>
			<key>sourceTree</key>
			<string>&lt;group&gt;</string>
		</dict>
		<key>6AC8EBFA1953B73400E367D7</key>
		<dict>
			<key>isa</key>
			<string>PBXFileReference</string>
			<key>lastKnownFileType</key>
			<string>text.plist.strings</string>
			<key>name</key>
			<string>en</string>
			<key>path</key>
			<string>en.lproj/InfoPlist.strings</string>
			<key>sourceTree</key>
			<string>&lt;group&gt;</string>
		</dict>
		<key>6AC8EBFB1953B73400E367D7</key>
		<dict>
			<key>fileRef</key>
			<string>6AC8EBF91953B73400E367D7</string>
			<key>isa</key>
			<string>PBXBuildFile</string>
		</dict>
		<key>6AC8EBFC1953B73400E367D7</key>
		<dict>
			<key>isa</key>
			<string>PBXFileReference</string>
			<key>lastKnownFileType</key>
			<string>sourcecode.c.objc</string>
			<key>path</key>
			<string>main.m</string>
			<key>sourceTree</key>
			<string>&lt;group&gt;</string>
		</dict>
		<key>6AC8EBFD1953B73400E367D7</key>
		<dict>
			<key>fileRef</key>
			<string>6AC8EBFC1953B73400E367D7</string>
			<key>isa</key>
			<string>PBXBuildFile</string>
		</dict>
		<key>6AC8EBFE1953B73400E367D7</key>
		<dict>
			<key>isa</key>
			<string>PBXFileReference</string>
			<key>lastKnownFileType</key>
			<string>sourcecode.c.h</string>
			<key>path</key>
			<string>pintube-Prefix.pch</string>
			<key>sourceTree</key>
			<string>&lt;group&gt;</string>
		</dict>
		<key>6AC8EBFF1953B73400E367D7</key>
		<dict>
			<key>isa</key>
			<string>PBXFileReference</string>
			<key>lastKnownFileType</key>
			<string>sourcecode.c.h</string>
			<key>path</key>
			<string>AppDelegate.h</string>
			<key>sourceTree</key>
			<string>&lt;group&gt;</string>
		</dict>
		<key>6AC8EC001953B73400E367D7</key>
		<dict>
			<key>isa</key>
			<string>PBXFileReference</string>
			<key>lastKnownFileType</key>
			<string>sourcecode.c.objc</string>
			<key>path</key>
			<string>AppDelegate.m</string>
			<key>sourceTree</key>
			<string>&lt;group&gt;</string>
		</dict>
		<key>6AC8EC011953B73400E367D7</key>
		<dict>
			<key>fileRef</key>
			<string>6AC8EC001953B73400E367D7</string>
			<key>isa</key>
			<string>PBXBuildFile</string>
		</dict>
		<key>6AC8EC021953B73400E367D7</key>
		<dict>
			<key>isa</key>
			<string>PBXFileReference</string>
			<key>lastKnownFileType</key>
			<string>folder.assetcatalog</string>
			<key>path</key>
			<string>Images.xcassets</string>
			<key>sourceTree</key>
			<string>&lt;group&gt;</string>
		</dict>
		<key>6AC8EC031953B73400E367D7</key>
		<dict>
			<key>fileRef</key>
			<string>6AC8EC021953B73400E367D7</string>
			<key>isa</key>
			<string>PBXBuildFile</string>
		</dict>
		<key>6AC8EC041953B73400E367D7</key>
		<dict>
			<key>buildActionMask</key>
			<string>2147483647</string>
			<key>files</key>
			<array>
				<string>6AC8EC161953B73400E367D7</string>
			</array>
			<key>isa</key>
			<string>PBXSourcesBuildPhase</string>
			<key>runOnlyForDeploymentPostprocessing</key>
			<string>0</string>
		</dict>
		<key>6AC8EC051953B73400E367D7</key>
		<dict>
			<key>buildActionMask</key>
			<string>2147483647</string>
			<key>files</key>
			<array>
				<string>6AC8EC0A1953B73400E367D7</string>
				<string>6AC8EC0C1953B73400E367D7</string>
				<string>6AC8EC0B1953B73400E367D7</string>
			</array>
			<key>isa</key>
			<string>PBXFrameworksBuildPhase</string>
			<key>runOnlyForDeploymentPostprocessing</key>
			<string>0</string>
		</dict>
		<key>6AC8EC061953B73400E367D7</key>
		<dict>
			<key>buildActionMask</key>
			<string>2147483647</string>
			<key>files</key>
			<array>
				<string>6AC8EC141953B73400E367D7</string>
			</array>
			<key>isa</key>
			<string>PBXResourcesBuildPhase</string>
			<key>runOnlyForDeploymentPostprocessing</key>
			<string>0</string>
		</dict>
		<key>6AC8EC071953B73400E367D7</key>
		<dict>
			<key>buildConfigurationList</key>
			<string>6AC8EC1C1953B73400E367D7</string>
			<key>buildPhases</key>
			<array>
				<string>6AC8EC041953B73400E367D7</string>
				<string>6AC8EC051953B73400E367D7</string>
				<string>6AC8EC061953B73400E367D7</string>
			</array>
			<key>buildRules</key>
			<array/>
			<key>dependencies</key>
			<array>
				<string>6AC8EC0E1953B73400E367D7</string>
			</array>
			<key>isa</key>
			<string>PBXNativeTarget</string>
			<key>name</key>
			<string>pintubeTests</string>
			<key>productName</key>
			<string>pintubeTests</string>
			<key>productReference</key>
			<string>6AC8EC081953B73400E367D7</string>
			<key>productType</key>
			<string>com.apple.product-type.bundle.unit-test</string>
		</dict>
		<key>6AC8EC081953B73400E367D7</key>
		<dict>
			<key>explicitFileType</key>
			<string>wrapper.cfbundle</string>
			<key>includeInIndex</key>
			<string>0</string>
			<key>isa</key>
			<string>PBXFileReference</string>
			<key>path</key>
			<string>pintubeTests.xctest</string>
			<key>sourceTree</key>
			<string>BUILT_PRODUCTS_DIR</string>
		</dict>
		<key>6AC8EC091953B73400E367D7</key>
		<dict>
			<key>isa</key>
			<string>PBXFileReference</string>
			<key>lastKnownFileType</key>
			<string>wrapper.framework</string>
			<key>name</key>
			<string>XCTest.framework</string>
			<key>path</key>
			<string>Library/Frameworks/XCTest.framework</string>
			<key>sourceTree</key>
			<string>DEVELOPER_DIR</string>
		</dict>
		<key>6AC8EC0A1953B73400E367D7</key>
		<dict>
			<key>fileRef</key>
			<string>6AC8EC091953B73400E367D7</string>
			<key>isa</key>
			<string>PBXBuildFile</string>
		</dict>
		<key>6AC8EC0B1953B73400E367D7</key>
		<dict>
			<key>fileRef</key>
			<string>6AC8EBF01953B73400E367D7</string>
			<key>isa</key>
			<string>PBXBuildFile</string>
		</dict>
		<key>6AC8EC0C1953B73400E367D7</key>
		<dict>
			<key>fileRef</key>
			<string>6AC8EBF41953B73400E367D7</string>
			<key>isa</key>
			<string>PBXBuildFile</string>
		</dict>
		<key>6AC8EC0D1953B73400E367D7</key>
		<dict>
			<key>containerPortal</key>
			<string>6AC8EBE51953B73400E367D7</string>
			<key>isa</key>
			<string>PBXContainerItemProxy</string>
			<key>proxyType</key>
			<string>1</string>
			<key>remoteGlobalIDString</key>
			<string>6AC8EBEC1953B73400E367D7</string>
			<key>remoteInfo</key>
			<string>pintube</string>
		</dict>
		<key>6AC8EC0E1953B73400E367D7</key>
		<dict>
			<key>isa</key>
			<string>PBXTargetDependency</string>
			<key>target</key>
			<string>6AC8EBEC1953B73400E367D7</string>
			<key>targetProxy</key>
			<string>6AC8EC0D1953B73400E367D7</string>
		</dict>
		<key>6AC8EC0F1953B73400E367D7</key>
		<dict>
			<key>children</key>
			<array>
				<string>6AC8EC151953B73400E367D7</string>
				<string>6AC8EC101953B73400E367D7</string>
			</array>
			<key>isa</key>
			<string>PBXGroup</string>
			<key>path</key>
			<string>pintubeTests</string>
			<key>sourceTree</key>
			<string>&lt;group&gt;</string>
		</dict>
		<key>6AC8EC101953B73400E367D7</key>
		<dict>
			<key>children</key>
			<array>
				<string>6AC8EC111953B73400E367D7</string>
				<string>6AC8EC121953B73400E367D7</string>
			</array>
			<key>isa</key>
			<string>PBXGroup</string>
			<key>name</key>
			<string>Supporting Files</string>
			<key>sourceTree</key>
			<string>&lt;group&gt;</string>
		</dict>
		<key>6AC8EC111953B73400E367D7</key>
		<dict>
			<key>isa</key>
			<string>PBXFileReference</string>
			<key>lastKnownFileType</key>
			<string>text.plist.xml</string>
			<key>path</key>
			<string>pintubeTests-Info.plist</string>
			<key>sourceTree</key>
			<string>&lt;group&gt;</string>
		</dict>
		<key>6AC8EC121953B73400E367D7</key>
		<dict>
			<key>children</key>
			<array>
				<string>6AC8EC131953B73400E367D7</string>
			</array>
			<key>isa</key>
			<string>PBXVariantGroup</string>
			<key>name</key>
			<string>InfoPlist.strings</string>
			<key>sourceTree</key>
			<string>&lt;group&gt;</string>
		</dict>
		<key>6AC8EC131953B73400E367D7</key>
		<dict>
			<key>isa</key>
			<string>PBXFileReference</string>
			<key>lastKnownFileType</key>
			<string>text.plist.strings</string>
			<key>name</key>
			<string>en</string>
			<key>path</key>
			<string>en.lproj/InfoPlist.strings</string>
			<key>sourceTree</key>
			<string>&lt;group&gt;</string>
		</dict>
		<key>6AC8EC141953B73400E367D7</key>
		<dict>
			<key>fileRef</key>
			<string>6AC8EC121953B73400E367D7</string>
			<key>isa</key>
			<string>PBXBuildFile</string>
		</dict>
		<key>6AC8EC151953B73400E367D7</key>
		<dict>
			<key>isa</key>
			<string>PBXFileReference</string>
			<key>lastKnownFileType</key>
			<string>sourcecode.c.objc</string>
			<key>path</key>
			<string>pintubeTests.m</string>
			<key>sourceTree</key>
			<string>&lt;group&gt;</string>
		</dict>
		<key>6AC8EC161953B73400E367D7</key>
		<dict>
			<key>fileRef</key>
			<string>6AC8EC151953B73400E367D7</string>
			<key>isa</key>
			<string>PBXBuildFile</string>
		</dict>
		<key>6AC8EC171953B73400E367D7</key>
		<dict>
			<key>buildSettings</key>
			<dict>
				<key>ALWAYS_SEARCH_USER_PATHS</key>
				<string>NO</string>
				<key>CLANG_CXX_LANGUAGE_STANDARD</key>
				<string>gnu++0x</string>
				<key>CLANG_CXX_LIBRARY</key>
				<string>libc++</string>
				<key>CLANG_ENABLE_MODULES</key>
				<string>YES</string>
				<key>CLANG_ENABLE_OBJC_ARC</key>
				<string>YES</string>
				<key>CLANG_WARN_BOOL_CONVERSION</key>
				<string>YES</string>
				<key>CLANG_WARN_CONSTANT_CONVERSION</key>
				<string>YES</string>
				<key>CLANG_WARN_DIRECT_OBJC_ISA_USAGE</key>
				<string>YES_ERROR</string>
				<key>CLANG_WARN_EMPTY_BODY</key>
				<string>YES</string>
				<key>CLANG_WARN_ENUM_CONVERSION</key>
				<string>YES</string>
				<key>CLANG_WARN_INT_CONVERSION</key>
				<string>YES</string>
				<key>CLANG_WARN_OBJC_ROOT_CLASS</key>
				<string>YES_ERROR</string>
				<key>CLANG_WARN__DUPLICATE_METHOD_MATCH</key>
				<string>YES</string>
				<key>CODE_SIGN_IDENTITY[sdk=iphoneos*]</key>
				<string>iPhone Developer</string>
				<key>COPY_PHASE_STRIP</key>
				<string>NO</string>
				<key>GCC_C_LANGUAGE_STANDARD</key>
				<string>gnu99</string>
				<key>GCC_DYNAMIC_NO_PIC</key>
				<string>NO</string>
				<key>GCC_OPTIMIZATION_LEVEL</key>
				<string>0</string>
				<key>GCC_PREPROCESSOR_DEFINITIONS</key>
				<array>
					<string>DEBUG=1</string>
					<string>$(inherited)</string>
				</array>
				<key>GCC_SYMBOLS_PRIVATE_EXTERN</key>
				<string>NO</string>
				<key>GCC_WARN_64_TO_32_BIT_CONVERSION</key>
				<string>YES</string>
				<key>GCC_WARN_ABOUT_RETURN_TYPE</key>
				<string>YES_ERROR</string>
				<key>GCC_WARN_UNDECLARED_SELECTOR</key>
				<string>YES</string>
				<key>GCC_WARN_UNINITIALIZED_AUTOS</key>
				<string>YES_AGGRESSIVE</string>
				<key>GCC_WARN_UNUSED_FUNCTION</key>
				<string>YES</string>
				<key>GCC_WARN_UNUSED_VARIABLE</key>
				<string>YES</string>
				<key>IPHONEOS_DEPLOYMENT_TARGET</key>
				<string>7.1</string>
				<key>ONLY_ACTIVE_ARCH</key>
				<string>YES</string>
				<key>SDKROOT</key>
				<string>iphoneos</string>
			</dict>
			<key>isa</key>
			<string>XCBuildConfiguration</string>
			<key>name</key>
			<string>Debug</string>
		</dict>
		<key>6AC8EC181953B73400E367D7</key>
		<dict>
			<key>buildSettings</key>
			<dict>
				<key>ALWAYS_SEARCH_USER_PATHS</key>
				<string>NO</string>
				<key>CLANG_CXX_LANGUAGE_STANDARD</key>
				<string>gnu++0x</string>
				<key>CLANG_CXX_LIBRARY</key>
				<string>libc++</string>
				<key>CLANG_ENABLE_MODULES</key>
				<string>YES</string>
				<key>CLANG_ENABLE_OBJC_ARC</key>
				<string>YES</string>
				<key>CLANG_WARN_BOOL_CONVERSION</key>
				<string>YES</string>
				<key>CLANG_WARN_CONSTANT_CONVERSION</key>
				<string>YES</string>
				<key>CLANG_WARN_DIRECT_OBJC_ISA_USAGE</key>
				<string>YES_ERROR</string>
				<key>CLANG_WARN_EMPTY_BODY</key>
				<string>YES</string>
				<key>CLANG_WARN_ENUM_CONVERSION</key>
				<string>YES</string>
				<key>CLANG_WARN_INT_CONVERSION</key>
				<string>YES</string>
				<key>CLANG_WARN_OBJC_ROOT_CLASS</key>
				<string>YES_ERROR</string>
				<key>CLANG_WARN__DUPLICATE_METHOD_MATCH</key>
				<string>YES</string>
				<key>CODE_SIGN_IDENTITY[sdk=iphoneos*]</key>
				<string>iPhone Developer</string>
				<key>COPY_PHASE_STRIP</key>
				<string>YES</string>
				<key>ENABLE_NS_ASSERTIONS</key>
				<string>NO</string>
				<key>GCC_C_LANGUAGE_STANDARD</key>
				<string>gnu99</string>
				<key>GCC_WARN_64_TO_32_BIT_CONVERSION</key>
				<string>YES</string>
				<key>GCC_WARN_ABOUT_RETURN_TYPE</key>
				<string>YES_ERROR</string>
				<key>GCC_WARN_UNDECLARED_SELECTOR</key>
				<string>YES</string>
				<key>GCC_WARN_UNINITIALIZED_AUTOS</key>
				<string>YES_AGGRESSIVE</string>
				<key>GCC_WARN_UNUSED_FUNCTION</key>
				<string>YES</string>
				<key>GCC_WARN_UNUSED_VARIABLE</key>
				<string>YES</string>
				<key>IPHONEOS_DEPLOYMENT_TARGET</key>
				<string>7.1</string>
				<key>SDKROOT</key>
				<string>iphoneos</string>
				<key>VALIDATE_PRODUCT</key>
				<string>YES</string>
			</dict>
			<key>isa</key>
			<string>XCBuildConfiguration</string>
			<key>name</key>
			<string>Release</string>
		</dict>
		<key>6AC8EC191953B73400E367D7</key>
		<dict>
			<key>buildConfigurations</key>
			<array>
				<string>6AC8EC1A1953B73400E367D7</string>
				<string>6AC8EC1B1953B73400E367D7</string>
			</array>
			<key>defaultConfigurationIsVisible</key>
			<string>0</string>
			<key>defaultConfigurationName</key>
			<string>Release</string>
			<key>isa</key>
			<string>XCConfigurationList</string>
		</dict>
		<key>6AC8EC1A1953B73400E367D7</key>
		<dict>
			<key>baseConfigurationReference</key>
			<string>7D29DEB3E00A40E8B465EDC6</string>
			<key>buildSettings</key>
			<dict>
				<key>ASSETCATALOG_COMPILER_APPICON_NAME</key>
				<string>AppIcon</string>
				<key>ASSETCATALOG_COMPILER_LAUNCHIMAGE_NAME</key>
				<string>LaunchImage</string>
				<key>GCC_PRECOMPILE_PREFIX_HEADER</key>
				<string>YES</string>
				<key>GCC_PREFIX_HEADER</key>
				<string>pintube/pintube-Prefix.pch</string>
				<key>INFOPLIST_FILE</key>
				<string>pintube/pintube-Info.plist</string>
				<key>PRODUCT_NAME</key>
				<string>$(TARGET_NAME)</string>
				<key>WRAPPER_EXTENSION</key>
				<string>app</string>
			</dict>
			<key>isa</key>
			<string>XCBuildConfiguration</string>
			<key>name</key>
			<string>Debug</string>
		</dict>
		<key>6AC8EC1B1953B73400E367D7</key>
		<dict>
			<key>baseConfigurationReference</key>
			<string>7D29DEB3E00A40E8B465EDC6</string>
			<key>buildSettings</key>
			<dict>
				<key>ASSETCATALOG_COMPILER_APPICON_NAME</key>
				<string>AppIcon</string>
				<key>ASSETCATALOG_COMPILER_LAUNCHIMAGE_NAME</key>
				<string>LaunchImage</string>
				<key>GCC_PRECOMPILE_PREFIX_HEADER</key>
				<string>YES</string>
				<key>GCC_PREFIX_HEADER</key>
				<string>pintube/pintube-Prefix.pch</string>
				<key>INFOPLIST_FILE</key>
				<string>pintube/pintube-Info.plist</string>
				<key>PRODUCT_NAME</key>
				<string>$(TARGET_NAME)</string>
				<key>WRAPPER_EXTENSION</key>
				<string>app</string>
			</dict>
			<key>isa</key>
			<string>XCBuildConfiguration</string>
			<key>name</key>
			<string>Release</string>
		</dict>
		<key>6AC8EC1C1953B73400E367D7</key>
		<dict>
			<key>buildConfigurations</key>
			<array>
				<string>6AC8EC1D1953B73400E367D7</string>
				<string>6AC8EC1E1953B73400E367D7</string>
			</array>
			<key>defaultConfigurationIsVisible</key>
			<string>0</string>
			<key>defaultConfigurationName</key>
			<string>Release</string>
			<key>isa</key>
			<string>XCConfigurationList</string>
		</dict>
		<key>6AC8EC1D1953B73400E367D7</key>
		<dict>
			<key>buildSettings</key>
			<dict>
				<key>BUNDLE_LOADER</key>
				<string>$(BUILT_PRODUCTS_DIR)/pintube.app/pintube</string>
				<key>FRAMEWORK_SEARCH_PATHS</key>
				<array>
					<string>$(SDKROOT)/Developer/Library/Frameworks</string>
					<string>$(inherited)</string>
					<string>$(DEVELOPER_FRAMEWORKS_DIR)</string>
				</array>
				<key>GCC_PRECOMPILE_PREFIX_HEADER</key>
				<string>YES</string>
				<key>GCC_PREFIX_HEADER</key>
				<string>pintube/pintube-Prefix.pch</string>
				<key>GCC_PREPROCESSOR_DEFINITIONS</key>
				<array>
					<string>DEBUG=1</string>
					<string>$(inherited)</string>
				</array>
				<key>INFOPLIST_FILE</key>
				<string>pintubeTests/pintubeTests-Info.plist</string>
				<key>PRODUCT_NAME</key>
				<string>$(TARGET_NAME)</string>
				<key>TEST_HOST</key>
				<string>$(BUNDLE_LOADER)</string>
				<key>WRAPPER_EXTENSION</key>
				<string>xctest</string>
			</dict>
			<key>isa</key>
			<string>XCBuildConfiguration</string>
			<key>name</key>
			<string>Debug</string>
		</dict>
		<key>6AC8EC1E1953B73400E367D7</key>
		<dict>
			<key>buildSettings</key>
			<dict>
				<key>BUNDLE_LOADER</key>
				<string>$(BUILT_PRODUCTS_DIR)/pintube.app/pintube</string>
				<key>FRAMEWORK_SEARCH_PATHS</key>
				<array>
					<string>$(SDKROOT)/Developer/Library/Frameworks</string>
					<string>$(inherited)</string>
					<string>$(DEVELOPER_FRAMEWORKS_DIR)</string>
				</array>
				<key>GCC_PRECOMPILE_PREFIX_HEADER</key>
				<string>YES</string>
				<key>GCC_PREFIX_HEADER</key>
				<string>pintube/pintube-Prefix.pch</string>
				<key>INFOPLIST_FILE</key>
				<string>pintubeTests/pintubeTests-Info.plist</string>
				<key>PRODUCT_NAME</key>
				<string>$(TARGET_NAME)</string>
				<key>TEST_HOST</key>
				<string>$(BUNDLE_LOADER)</string>
				<key>WRAPPER_EXTENSION</key>
				<string>xctest</string>
			</dict>
			<key>isa</key>
			<string>XCBuildConfiguration</string>
			<key>name</key>
			<string>Release</string>
		</dict>
		<key>6AC8EC221953B78100E367D7</key>
		<dict>
			<key>children</key>
			<array>
				<string>6AC8EC231953B7A400E367D7</string>
				<string>6AC8EC241953B7A400E367D7</string>
				<string>6AC8EC251953B7A400E367D7</string>
				<string>6A3ECE6019553399000D018F</string>
				<string>6A3ECE6119553399000D018F</string>
				<string>6A3ECE6219553399000D018F</string>
				<string>6AC8EC281953B8E700E367D7</string>
				<string>6AC8EC291953B8E700E367D7</string>
				<string>6AC8EC2A1953B8E700E367D7</string>
				<string>6A3ECE4C19549CD6000D018F</string>
				<string>6A3ECE4D19549CD6000D018F</string>
				<string>6A3ECE4E19549CD6000D018F</string>
				<string>6A3ECE5119549CE7000D018F</string>
				<string>6A3ECE5219549CE7000D018F</string>
				<string>6A3ECE5319549CE7000D018F</string>
				<string>6A3ECE5619549CEF000D018F</string>
				<string>6A3ECE5719549CEF000D018F</string>
				<string>6A3ECE5819549CEF000D018F</string>
			</array>
			<key>isa</key>
			<string>PBXGroup</string>
			<key>name</key>
			<string>View Controllers</string>
			<key>sourceTree</key>
			<string>&lt;group&gt;</string>
		</dict>
		<key>6AC8EC231953B7A400E367D7</key>
		<dict>
			<key>fileEncoding</key>
			<string>4</string>
			<key>isa</key>
			<string>PBXFileReference</string>
			<key>lastKnownFileType</key>
			<string>sourcecode.c.h</string>
			<key>path</key>
			<string>MainViewController.h</string>
			<key>sourceTree</key>
			<string>&lt;group&gt;</string>
		</dict>
		<key>6AC8EC241953B7A400E367D7</key>
		<dict>
			<key>fileEncoding</key>
			<string>4</string>
			<key>isa</key>
			<string>PBXFileReference</string>
			<key>lastKnownFileType</key>
			<string>sourcecode.c.objc</string>
			<key>path</key>
			<string>MainViewController.m</string>
			<key>sourceTree</key>
			<string>&lt;group&gt;</string>
		</dict>
		<key>6AC8EC251953B7A400E367D7</key>
		<dict>
			<key>fileEncoding</key>
			<string>4</string>
			<key>isa</key>
			<string>PBXFileReference</string>
			<key>lastKnownFileType</key>
			<string>file.xib</string>
			<key>path</key>
			<string>MainViewController.xib</string>
			<key>sourceTree</key>
			<string>&lt;group&gt;</string>
		</dict>
		<key>6AC8EC261953B7A400E367D7</key>
		<dict>
			<key>fileRef</key>
			<string>6AC8EC241953B7A400E367D7</string>
			<key>isa</key>
			<string>PBXBuildFile</string>
		</dict>
		<key>6AC8EC271953B7A400E367D7</key>
		<dict>
			<key>fileRef</key>
			<string>6AC8EC251953B7A400E367D7</string>
			<key>isa</key>
			<string>PBXBuildFile</string>
		</dict>
		<key>6AC8EC281953B8E700E367D7</key>
		<dict>
			<key>fileEncoding</key>
			<string>4</string>
			<key>isa</key>
			<string>PBXFileReference</string>
			<key>lastKnownFileType</key>
			<string>sourcecode.c.h</string>
			<key>path</key>
			<string>SearchViewController.h</string>
			<key>sourceTree</key>
			<string>&lt;group&gt;</string>
		</dict>
		<key>6AC8EC291953B8E700E367D7</key>
		<dict>
			<key>fileEncoding</key>
			<string>4</string>
			<key>isa</key>
			<string>PBXFileReference</string>
			<key>lastKnownFileType</key>
			<string>sourcecode.c.objc</string>
			<key>path</key>
			<string>SearchViewController.m</string>
			<key>sourceTree</key>
			<string>&lt;group&gt;</string>
		</dict>
		<key>6AC8EC2A1953B8E700E367D7</key>
		<dict>
			<key>fileEncoding</key>
			<string>4</string>
			<key>isa</key>
			<string>PBXFileReference</string>
			<key>lastKnownFileType</key>
			<string>file.xib</string>
			<key>path</key>
			<string>SearchViewController.xib</string>
			<key>sourceTree</key>
			<string>&lt;group&gt;</string>
		</dict>
		<key>6AC8EC2B1953B8E700E367D7</key>
		<dict>
			<key>fileRef</key>
			<string>6AC8EC291953B8E700E367D7</string>
			<key>isa</key>
			<string>PBXBuildFile</string>
		</dict>
		<key>6AC8EC2C1953B8E700E367D7</key>
		<dict>
			<key>fileRef</key>
			<string>6AC8EC2A1953B8E700E367D7</string>
			<key>isa</key>
			<string>PBXBuildFile</string>
		</dict>
		<key>7C409232648440BF91D4B50D</key>
		<dict>
			<key>buildActionMask</key>
			<string>2147483647</string>
			<key>files</key>
			<array/>
			<key>inputPaths</key>
			<array/>
			<key>isa</key>
			<string>PBXShellScriptBuildPhase</string>
			<key>name</key>
			<string>Check Pods Manifest.lock</string>
			<key>outputPaths</key>
			<array/>
			<key>runOnlyForDeploymentPostprocessing</key>
			<string>0</string>
			<key>shellPath</key>
			<string>/bin/sh</string>
			<key>shellScript</key>
			<string>diff "${PODS_ROOT}/../Podfile.lock" "${PODS_ROOT}/Manifest.lock" &gt; /dev/null
if [[ $? != 0 ]] ; then
    cat &lt;&lt; EOM
error: The sandbox is not in sync with the Podfile.lock. Run 'pod install' or update your CocoaPods installation.
EOM
    exit 1
fi
</string>
			<key>showEnvVarsInLog</key>
			<string>0</string>
		</dict>
		<key>7D29DEB3E00A40E8B465EDC6</key>
		<dict>
			<key>includeInIndex</key>
			<string>1</string>
			<key>isa</key>
			<string>PBXFileReference</string>
			<key>lastKnownFileType</key>
			<string>text.xcconfig</string>
			<key>name</key>
			<string>Pods-pintube.xcconfig</string>
			<key>path</key>
			<string>Pods/Pods-pintube.xcconfig</string>
			<key>sourceTree</key>
			<string>&lt;group&gt;</string>
		</dict>
		<key>8CF4C9FDA2D34EBF973BAF6B</key>
		<dict>
			<key>explicitFileType</key>
			<string>archive.ar</string>
			<key>includeInIndex</key>
			<string>0</string>
			<key>isa</key>
			<string>PBXFileReference</string>
			<key>path</key>
			<string>libPods-pintube.a</string>
			<key>sourceTree</key>
			<string>BUILT_PRODUCTS_DIR</string>
		</dict>
		<key>EB5EDB30B2C342DCADD9158A</key>
		<dict>
			<key>fileRef</key>
			<string>8CF4C9FDA2D34EBF973BAF6B</string>
			<key>isa</key>
			<string>PBXBuildFile</string>
		</dict>
		<key>FE371A02AA474085A31FCCC6</key>
		<dict>
			<key>buildActionMask</key>
			<string>2147483647</string>
			<key>files</key>
			<array/>
			<key>inputPaths</key>
			<array/>
			<key>isa</key>
			<string>PBXShellScriptBuildPhase</string>
			<key>name</key>
			<string>Copy Pods Resources</string>
			<key>outputPaths</key>
			<array/>
			<key>runOnlyForDeploymentPostprocessing</key>
			<string>0</string>
			<key>shellPath</key>
			<string>/bin/sh</string>
			<key>shellScript</key>
			<string>"${SRCROOT}/Pods/Pods-pintube-resources.sh"
</string>
			<key>showEnvVarsInLog</key>
			<string>0</string>
		</dict>
	</dict>
	<key>rootObject</key>
	<string>6AC8EBE51953B73400E367D7</string>
</dict>
</plist>
